
Microsoft Visual Studio Solution File, Format Version 12.00
# Visual Studio 15
VisualStudioVersion = 15.0.27130.2010
MinimumVisualStudioVersion = 10.0.40219.1
Project("{FAE04EC0-301F-11D3-BF4B-00C04F79EFBC}") = "MathChallenge", "MathChallenge\MathChallenge.csproj", "{3C4F74CF-5169-4A67-B846-809C9E5BC212}"
EndProject
Global
	GlobalSection(SolutionConfigurationPlatforms) = preSolution
		Debug|Any CPU = Debug|Any CPU
		Release|Any CPU = Release|Any CPU
	EndGlobalSection
	GlobalSection(ProjectConfigurationPlatforms) = postSolution
		{3C4F74CF-5169-4A67-B846-809C9E5BC212}.Debug|Any CPU.ActiveCfg = Debug|Any CPU
		{3C4F74CF-5169-4A67-B846-809C9E5BC212}.Debug|Any CPU.Build.0 = Debug|Any CPU
		{3C4F74CF-5169-4A67-B846-809C9E5BC212}.Release|Any CPU.ActiveCfg = Release|Any CPU
		{3C4F74CF-5169-4A67-B846-809C9E5BC212}.Release|Any CPU.Build.0 = Release|Any CPU
	EndGlobalSection
	GlobalSection(SolutionProperties) = preSolution
		HideSolutionNode = FALSE
	EndGlobalSection
	GlobalSection(ExtensibilityGlobals) = postSolution
		SolutionGuid = {A9737616-6643-47EB-BDFB-B78FC310F859}
	EndGlobalSection
EndGlobal
